
Microsoft Visual Studio Solution File, Format Version 12.00
# Visual Studio 15
VisualStudioVersion = 15.0.26228.9
MinimumVisualStudioVersion = 10.0.40219.1
Project("{2150E333-8FDC-42A3-9474-1A3956D46DE8}") = "src", "src", "{D21498BF-25EE-435C-BD27-DDEC93D154B2}"
EndProject
Project("{2150E333-8FDC-42A3-9474-1A3956D46DE8}") = "test", "test", "{1D6D2906-828B-4EDA-A687-94CC5CD50719}"
EndProject
Project("{9A19103F-16F7-4668-BE54-9A1E7A4F7556}") = "JsonModelBinder", "src\JsonModelBinder\JsonModelBinder.csproj", "{E0FAA4B0-7839-450E-A6B9-0D71C1A1F80B}"
EndProject
Project("{FAE04EC0-301F-11D3-BF4B-00C04F79EFBC}") = "JsonModelBinder.Tests", "test\JsonModelBinder.Tests\JsonModelBinder.Tests.csproj", "{3F91FC1D-47BC-4726-B08A-63FEDA22FB1C}"
EndProject
Global
	GlobalSection(SolutionConfigurationPlatforms) = preSolution
		Debug|Any CPU = Debug|Any CPU
		Release|Any CPU = Release|Any CPU
	EndGlobalSection
	GlobalSection(ProjectConfigurationPlatforms) = postSolution
		{E0FAA4B0-7839-450E-A6B9-0D71C1A1F80B}.Debug|Any CPU.ActiveCfg = Debug|Any CPU
		{E0FAA4B0-7839-450E-A6B9-0D71C1A1F80B}.Debug|Any CPU.Build.0 = Debug|Any CPU
		{E0FAA4B0-7839-450E-A6B9-0D71C1A1F80B}.Release|Any CPU.ActiveCfg = Release|Any CPU
		{E0FAA4B0-7839-450E-A6B9-0D71C1A1F80B}.Release|Any CPU.Build.0 = Release|Any CPU
		{3F91FC1D-47BC-4726-B08A-63FEDA22FB1C}.Debug|Any CPU.ActiveCfg = Debug|Any CPU
		{3F91FC1D-47BC-4726-B08A-63FEDA22FB1C}.Debug|Any CPU.Build.0 = Debug|Any CPU
		{3F91FC1D-47BC-4726-B08A-63FEDA22FB1C}.Release|Any CPU.ActiveCfg = Release|Any CPU
		{3F91FC1D-47BC-4726-B08A-63FEDA22FB1C}.Release|Any CPU.Build.0 = Release|Any CPU
	EndGlobalSection
	GlobalSection(SolutionProperties) = preSolution
		HideSolutionNode = FALSE
	EndGlobalSection
	GlobalSection(NestedProjects) = preSolution
		{E0FAA4B0-7839-450E-A6B9-0D71C1A1F80B} = {D21498BF-25EE-435C-BD27-DDEC93D154B2}
		{3F91FC1D-47BC-4726-B08A-63FEDA22FB1C} = {1D6D2906-828B-4EDA-A687-94CC5CD50719}
	EndGlobalSection
EndGlobal
